
Microsoft Visual Studio Solution File, Format Version 12.00
# Visual Studio Version 17
VisualStudioVersion = 17.7.34031.279
MinimumVisualStudioVersion = 10.0.40219.1
Project("{FAE04EC0-301F-11D3-BF4B-00C04F79EFBC}") = "cicdlab1", "cicdlab1\cicdlab1.csproj", "{5D12C242-840F-4C39-B351-07C332B561E3}"
EndProject
Global
	GlobalSection(SolutionConfigurationPlatforms) = preSolution
		Debug|Any CPU = Debug|Any CPU
		Release|Any CPU = Release|Any CPU
	EndGlobalSection
	GlobalSection(ProjectConfigurationPlatforms) = postSolution
		{5D12C242-840F-4C39-B351-07C332B561E3}.Debug|Any CPU.ActiveCfg = Debug|Any CPU
		{5D12C242-840F-4C39-B351-07C332B561E3}.Debug|Any CPU.Build.0 = Debug|Any CPU
		{5D12C242-840F-4C39-B351-07C332B561E3}.Release|Any CPU.ActiveCfg = Release|Any CPU
		{5D12C242-840F-4C39-B351-07C332B561E3}.Release|Any CPU.Build.0 = Release|Any CPU
	EndGlobalSection
	GlobalSection(SolutionProperties) = preSolution
		HideSolutionNode = FALSE
	EndGlobalSection
	GlobalSection(ExtensibilityGlobals) = postSolution
		SolutionGuid = {36C6A4EF-CEE1-4C4A-9493-7259D79A7C61}
	EndGlobalSection
EndGlobal
